{
  "name": "实训",
  "lockfileVersion": 3,
  "requires": true,
  "packages": {
    "": {
      "dependencies": {
        "@vant/area-data": "^1.4.1",
        "@vant/weapp": "^1.10.19"
      }
    },
    "node_modules/@vant/area-data": {
      "version": "1.4.1",
      "resolved": "https://registry.npmmirror.com/@vant/area-data/-/area-data-1.4.1.tgz",
      "integrity": "sha512-D8zI/rfxREhnIKGoYzsEJZ73fte4JARhFeFftLIH7ynu1sPrCBEgPkLEbwPyvw3VC4JdSIuzaK5uOhu+BcoPXw=="
    },
    "node_modules/@vant/weapp": {
      "version": "1.10.19",
      "resolved": "https://registry.npmmirror.com/@vant/weapp/-/weapp-1.10.19.tgz",
      "integrity": "sha512-RStOPlSELi9lqim9dGagguViUVMNnfZaEceZ248JZgPjn5TzL2nwwHGWl9VI69SBPC+5MPS+LXm7Z4jcdscFeg=="
    }
  }
}
